
Microsoft Visual Studio Solution File, Format Version 12.00
# Visual Studio Version 16
VisualStudioVersion = 16.0.29911.84
MinimumVisualStudioVersion = 10.0.40219.1
Project("{888888A0-9F3D-457C-B088-3A5042F75D52}") = "lab4", "lab4.pyproj", "{B14C8374-EB15-4FF4-A869-289604E53FD9}"
EndProject
Global
	GlobalSection(SolutionConfigurationPlatforms) = preSolution
		Debug|Any CPU = Debug|Any CPU
		Release|Any CPU = Release|Any CPU
	EndGlobalSection
	GlobalSection(ProjectConfigurationPlatforms) = postSolution
		{B14C8374-EB15-4FF4-A869-289604E53FD9}.Debug|Any CPU.ActiveCfg = Debug|Any CPU
		{B14C8374-EB15-4FF4-A869-289604E53FD9}.Release|Any CPU.ActiveCfg = Release|Any CPU
	EndGlobalSection
	GlobalSection(SolutionProperties) = preSolution
		HideSolutionNode = FALSE
	EndGlobalSection
	GlobalSection(ExtensibilityGlobals) = postSolution
		SolutionGuid = {33A6531F-EA7C-41B8-90A4-B6B37B577B41}
	EndGlobalSection
EndGlobal
